{
  "lockfileVersion": 1,
  "workspaces": {
    "": {
      "name": "envrw",
      "dependencies": {
        "chevrotain": "^11.0.3",
        "chokidar": "^4.0.3",
      },
      "peerDependencies": {
        "typescript": "^5",
      },
    },
  },
  "packages": {
    "@chevrotain/cst-dts-gen": ["@chevrotain/cst-dts-gen@11.0.3", "", { "dependencies": { "@chevrotain/gast": "11.0.3", "@chevrotain/types": "11.0.3", "lodash-es": "4.17.21" } }, "sha512-BvIKpRLeS/8UbfxXxgC33xOumsacaeCKAjAeLyOn7Pcp95HiRbrpl14S+9vaZLolnbssPIUuiUd8IvgkRyt6NQ=="],

    "@chevrotain/gast": ["@chevrotain/gast@11.0.3", "", { "dependencies": { "@chevrotain/types": "11.0.3", "lodash-es": "4.17.21" } }, "sha512-+qNfcoNk70PyS/uxmj3li5NiECO+2YKZZQMbmjTqRI3Qchu8Hig/Q9vgkHpI3alNjr7M+a2St5pw5w5F6NL5/Q=="],

    "@chevrotain/regexp-to-ast": ["@chevrotain/regexp-to-ast@11.0.3", "", {}, "sha512-1fMHaBZxLFvWI067AVbGJav1eRY7N8DDvYCTwGBiE/ytKBgP8azTdgyrKyWZ9Mfh09eHWb5PgTSO8wi7U824RA=="],

    "@chevrotain/types": ["@chevrotain/types@11.0.3", "", {}, "sha512-gsiM3G8b58kZC2HaWR50gu6Y1440cHiJ+i3JUvcp/35JchYejb2+5MVeJK0iKThYpAa/P2PYFV4hoi44HD+aHQ=="],

    "@chevrotain/utils": ["@chevrotain/utils@11.0.3", "", {}, "sha512-YslZMgtJUyuMbZ+aKvfF3x1f5liK4mWNxghFRv7jqRR9C3R3fAOGTTKvxXDa2Y1s9zSbcpuO0cAxDYsc9SrXoQ=="],

    "chevrotain": ["chevrotain@11.0.3", "", { "dependencies": { "@chevrotain/cst-dts-gen": "11.0.3", "@chevrotain/gast": "11.0.3", "@chevrotain/regexp-to-ast": "11.0.3", "@chevrotain/types": "11.0.3", "@chevrotain/utils": "11.0.3", "lodash-es": "4.17.21" } }, "sha512-ci2iJH6LeIkvP9eJW6gpueU8cnZhv85ELY8w8WiFtNjMHA5ad6pQLaJo9mEly/9qUyCpvqX8/POVUTf18/HFdw=="],

    "chokidar": ["chokidar@4.0.3", "", { "dependencies": { "readdirp": "^4.0.1" } }, "sha512-Qgzu8kfBvo+cA4962jnP1KkS6Dop5NS6g7R5LFYJr4b8Ub94PPQXUksCw9PvXoeXPRRddRNC5C1JQUR2SMGtnA=="],

    "lodash-es": ["lodash-es@4.17.21", "", {}, "sha512-mKnC+QJ9pWVzv+C4/U3rRsHapFfHvQFoFB92e52xeyGMcX6/OlIl78je1u8vePzYZSkkogMPJ2yjxxsb89cxyw=="],

    "readdirp": ["readdirp@4.1.2", "", {}, "sha512-GDhwkLfywWL2s6vEjyhri+eXmfH6j1L7JE27WhqLeYzoh/A3DBaYGEj2H/HFZCn/kMfim73FXxEJTw06WtxQwg=="],

    "typescript": ["typescript@5.9.2", "", { "bin": { "tsc": "bin/tsc", "tsserver": "bin/tsserver" } }, "sha512-CWBzXQrc/qOkhidw1OzBTQuYRbfyxDXJMVJ1XNwUHGROVmuaeiEm3OslpZ1RV96d7SKKjZKrSJu3+t/xlw3R9A=="],
  }
}
